
Microsoft Visual Studio Solution File, Format Version 12.00
# Visual Studio Version 17
VisualStudioVersion = 17.3.32819.101
MinimumVisualStudioVersion = 10.0.40219.1
Project("{FAE04EC0-301F-11D3-BF4B-00C04F79EFBC}") = "BookingDotcom", "BookingDotcom.csproj", "{A0BACF0F-07A5-4FBE-9284-90E19476DFF7}"
EndProject
Project("{FAE04EC0-301F-11D3-BF4B-00C04F79EFBC}") = "Cybersource.FlexMicroformSdk", "..\Cybersource.FlexMicroformSdk\Cybersource.FlexMicroformSdk.csproj", "{F7A96F76-19C8-4DD8-B740-18E50C6A6554}"
EndProject
Global
	GlobalSection(SolutionConfigurationPlatforms) = preSolution
		Debug|Any CPU = Debug|Any CPU
		Release|Any CPU = Release|Any CPU
	EndGlobalSection
	GlobalSection(ProjectConfigurationPlatforms) = postSolution
		{A0BACF0F-07A5-4FBE-9284-90E19476DFF7}.Debug|Any CPU.ActiveCfg = Debug|Any CPU
		{A0BACF0F-07A5-4FBE-9284-90E19476DFF7}.Debug|Any CPU.Build.0 = Debug|Any CPU
		{A0BACF0F-07A5-4FBE-9284-90E19476DFF7}.Release|Any CPU.ActiveCfg = Release|Any CPU
		{A0BACF0F-07A5-4FBE-9284-90E19476DFF7}.Release|Any CPU.Build.0 = Release|Any CPU
		{F7A96F76-19C8-4DD8-B740-18E50C6A6554}.Debug|Any CPU.ActiveCfg = Debug|Any CPU
		{F7A96F76-19C8-4DD8-B740-18E50C6A6554}.Debug|Any CPU.Build.0 = Debug|Any CPU
		{F7A96F76-19C8-4DD8-B740-18E50C6A6554}.Release|Any CPU.ActiveCfg = Release|Any CPU
		{F7A96F76-19C8-4DD8-B740-18E50C6A6554}.Release|Any CPU.Build.0 = Release|Any CPU
	EndGlobalSection
	GlobalSection(SolutionProperties) = preSolution
		HideSolutionNode = FALSE
	EndGlobalSection
	GlobalSection(ExtensibilityGlobals) = postSolution
		SolutionGuid = {809F6CE4-B85E-4BEF-94DE-B0448F93BAE5}
	EndGlobalSection
EndGlobal
